
Microsoft Visual Studio Solution File, Format Version 12.00
# Visual Studio Express 2012 for Windows Desktop
Project("{FAE04EC0-301F-11D3-BF4B-00C04F79EFBC}") = "ManagedBass", "ManagedBass.csproj", "{D03D63BB-9333-462B-987E-167FF2F32DFF}"
EndProject
Project("{FAE04EC0-301F-11D3-BF4B-00C04F79EFBC}") = "ManagedBass.Tests", "ManagedBass.Tests\ManagedBass.Tests.csproj", "{871188E9-DCFF-4FCC-860F-C1F04E050166}"
EndProject
Global
	GlobalSection(SolutionConfigurationPlatforms) = preSolution
		Debug|Any CPU = Debug|Any CPU
		Release|Any CPU = Release|Any CPU
	EndGlobalSection
	GlobalSection(ProjectConfigurationPlatforms) = postSolution
		{D03D63BB-9333-462B-987E-167FF2F32DFF}.Debug|Any CPU.ActiveCfg = Debug|Any CPU
		{D03D63BB-9333-462B-987E-167FF2F32DFF}.Debug|Any CPU.Build.0 = Debug|Any CPU
		{D03D63BB-9333-462B-987E-167FF2F32DFF}.Release|Any CPU.ActiveCfg = Debug|Any CPU
		{D03D63BB-9333-462B-987E-167FF2F32DFF}.Release|Any CPU.Build.0 = Debug|Any CPU
		{871188E9-DCFF-4FCC-860F-C1F04E050166}.Debug|Any CPU.ActiveCfg = Debug|Any CPU
		{871188E9-DCFF-4FCC-860F-C1F04E050166}.Debug|Any CPU.Build.0 = Debug|Any CPU
		{871188E9-DCFF-4FCC-860F-C1F04E050166}.Release|Any CPU.ActiveCfg = Release|Any CPU
		{871188E9-DCFF-4FCC-860F-C1F04E050166}.Release|Any CPU.Build.0 = Release|Any CPU
	EndGlobalSection
	GlobalSection(SolutionProperties) = preSolution
		HideSolutionNode = FALSE
	EndGlobalSection
EndGlobal
