
Microsoft Visual Studio Solution File, Format Version 12.00
# Visual Studio 2012
Project("{FAE04EC0-301F-11D3-BF4B-00C04F79EFBC}") = "MBassAndroid", "MBassAndroid.csproj", "{2838F11C-D335-45D8-8541-308F6E988AF3}"
EndProject
Global
	GlobalSection(SolutionConfigurationPlatforms) = preSolution
		Debug|Any CPU = Debug|Any CPU
		Release|Any CPU = Release|Any CPU
	EndGlobalSection
	GlobalSection(ProjectConfigurationPlatforms) = postSolution
		{2838F11C-D335-45D8-8541-308F6E988AF3}.Debug|Any CPU.ActiveCfg = Debug|Any CPU
		{2838F11C-D335-45D8-8541-308F6E988AF3}.Debug|Any CPU.Build.0 = Debug|Any CPU
		{2838F11C-D335-45D8-8541-308F6E988AF3}.Release|Any CPU.ActiveCfg = Release|Any CPU
		{2838F11C-D335-45D8-8541-308F6E988AF3}.Release|Any CPU.Build.0 = Release|Any CPU
	EndGlobalSection
EndGlobal
