
Microsoft Visual Studio Solution File, Format Version 12.00
# Visual Studio 15
VisualStudioVersion = 15.0.26403.0
MinimumVisualStudioVersion = 10.0.40219.1
Project("{2150E333-8FDC-42A3-9474-1A3956D46DE8}") = "Bass", "Bass", "{2F77A940-A236-4FCB-950C-03600F1F4EDC}"
EndProject
Project("{2150E333-8FDC-42A3-9474-1A3956D46DE8}") = "AddOns", "AddOns", "{BDBF2AF3-D93A-4F7C-9912-BABBF2322D6E}"
EndProject
Project("{D954291E-2A0B-460D-934E-DC6B0785DB48}") = "Shared", "Bass\Shared\Shared.shproj", "{CD4E203E-C152-4914-93F8-59010BEFCB52}"
EndProject
Project("{FAE04EC0-301F-11D3-BF4B-00C04F79EFBC}") = "Desktop", "Bass\Desktop\Desktop.csproj", "{78EBB66C-05CB-4A2D-94A7-5EB29C5F02ED}"
EndProject
Project("{2150E333-8FDC-42A3-9474-1A3956D46DE8}") = "BassEnc", "BassEnc", "{32C0B6FE-4187-44E4-8F10-453FB1BB6287}"
EndProject
Project("{D954291E-2A0B-460D-934E-DC6B0785DB48}") = "Shared", "AddOns\BassEnc\Shared\Shared.shproj", "{A885CF43-1F88-4EC7-AF35-4C73776B1C42}"
EndProject
Project("{FAE04EC0-301F-11D3-BF4B-00C04F79EFBC}") = "Desktop", "AddOns\BassEnc\Desktop\Desktop.csproj", "{3BA4FF0C-458A-44DA-B267-3409151598D7}"
EndProject
Project("{2150E333-8FDC-42A3-9474-1A3956D46DE8}") = "BassWasapi", "BassWasapi", "{5129C71C-6B93-49C3-9C33-58601F250523}"
EndProject
Project("{2150E333-8FDC-42A3-9474-1A3956D46DE8}") = "BassWinamp", "BassWinamp", "{7B304BAF-C396-4AE3-8BF6-F947F136D908}"
EndProject
Project("{2150E333-8FDC-42A3-9474-1A3956D46DE8}") = "BassMix", "BassMix", "{DA8F1FAA-8700-42EE-A5B5-7F7A21C45039}"
EndProject
Project("{D954291E-2A0B-460D-934E-DC6B0785DB48}") = "Shared", "AddOns\BassMix\Shared\Shared.shproj", "{DDD15511-75A1-4D14-A231-46B06A5155EC}"
EndProject
Project("{FAE04EC0-301F-11D3-BF4B-00C04F79EFBC}") = "iOS", "Bass\iOS\iOS.csproj", "{2128EF61-F422-439A-BEB2-BE39BAC713EE}"
EndProject
Project("{FAE04EC0-301F-11D3-BF4B-00C04F79EFBC}") = "iOS", "AddOns\BassMix\iOS\iOS.csproj", "{B3BB59A9-E642-4C8B-B7FE-514ACB5DEBC9}"
EndProject
Project("{2150E333-8FDC-42A3-9474-1A3956D46DE8}") = "BassFx", "BassFx", "{5F18CAAD-AD81-4B0E-93A4-38E935A3AA35}"
EndProject
Project("{FAE04EC0-301F-11D3-BF4B-00C04F79EFBC}") = "iOS", "AddOns\BassEnc\iOS\iOS.csproj", "{D7A05B65-F427-4D11-A156-5F5459044B22}"
EndProject
Project("{2150E333-8FDC-42A3-9474-1A3956D46DE8}") = "BassCd", "BassCd", "{B5DC7C7E-6BB3-4DA0-AD95-612F85B9DF31}"
EndProject
Project("{2150E333-8FDC-42A3-9474-1A3956D46DE8}") = "BassAsio", "BassAsio", "{43F007E0-C585-434D-8589-E6F0540C5275}"
EndProject
Project("{2150E333-8FDC-42A3-9474-1A3956D46DE8}") = "BassDShow", "BassDShow", "{C2461F83-4521-4C04-89D7-D57CBE0CF561}"
EndProject
Project("{2150E333-8FDC-42A3-9474-1A3956D46DE8}") = "BassAac", "BassAac", "{90D116C1-1544-4D1D-A0EB-32948A2D6156}"
EndProject
Project("{2150E333-8FDC-42A3-9474-1A3956D46DE8}") = "BassWma", "BassWma", "{CCF97E8B-7309-4C30-B826-5FD1F8C30786}"
EndProject
Project("{2150E333-8FDC-42A3-9474-1A3956D46DE8}") = "BassHls", "BassHls", "{39C119B9-F99E-4445-9DDD-A3B3AE9AB389}"
EndProject
Project("{D954291E-2A0B-460D-934E-DC6B0785DB48}") = "Shared", "AddOns\BassHls\Shared\Shared.shproj", "{B2CFBFE2-E223-4CB2-81B0-25E142B401AA}"
EndProject
Project("{FAE04EC0-301F-11D3-BF4B-00C04F79EFBC}") = "iOS", "AddOns\BassHls\iOS\iOS.csproj", "{66398BDA-C98E-434A-9CAD-59C238AE6E46}"
EndProject
Project("{2150E333-8FDC-42A3-9474-1A3956D46DE8}") = "BassAc3", "BassAc3", "{1848F234-E664-4C64-9584-01AD87E31F7D}"
EndProject
Project("{2150E333-8FDC-42A3-9474-1A3956D46DE8}") = "BassAdx", "BassAdx", "{49627D66-ECBB-4CE7-8B42-DABAB942E133}"
EndProject
Project("{2150E333-8FDC-42A3-9474-1A3956D46DE8}") = "BassAix", "BassAix", "{29801828-B625-4122-9AA5-02A973C85023}"
EndProject
Project("{2150E333-8FDC-42A3-9474-1A3956D46DE8}") = "BassAlac", "BassAlac", "{FB4093DA-A1F8-4AC0-A723-54120E8F36C7}"
EndProject
Project("{2150E333-8FDC-42A3-9474-1A3956D46DE8}") = "BassApe", "BassApe", "{CDF9333F-8040-4D48-AE67-DA48CE0B4AA0}"
EndProject
Project("{2150E333-8FDC-42A3-9474-1A3956D46DE8}") = "BassOfr", "BassOfr", "{1CEF44C8-D512-4E6A-92A0-EE62479CFD3E}"
EndProject
Project("{2150E333-8FDC-42A3-9474-1A3956D46DE8}") = "BassSfx", "BassSfx", "{B21186C7-9AF5-4AA7-9EB4-7AA15B847BCE}"
EndProject
Project("{2150E333-8FDC-42A3-9474-1A3956D46DE8}") = "BassVst", "BassVst", "{1F4E9543-08BD-47D3-A958-74F4DCBE0A11}"
EndProject
Project("{2150E333-8FDC-42A3-9474-1A3956D46DE8}") = "BassWA", "BassWA", "{20CE72F5-008A-4DB0-8D9E-6046F2867DD8}"
EndProject
Project("{2150E333-8FDC-42A3-9474-1A3956D46DE8}") = "BassWaDsp", "BassWaDsp", "{A614B3FE-532D-472D-BE2A-6A1C7DAC9D39}"
EndProject
Project("{2150E333-8FDC-42A3-9474-1A3956D46DE8}") = "BassWv", "BassWv", "{417C26A5-C306-40D0-896B-C72AC5005965}"
EndProject
Project("{D954291E-2A0B-460D-934E-DC6B0785DB48}") = "Shared", "AddOns\BassWv\Shared\Shared.shproj", "{7CDAA724-CC87-4774-9F5E-6726DAEA4713}"
EndProject
Project("{FAE04EC0-301F-11D3-BF4B-00C04F79EFBC}") = "iOS", "AddOns\BassWv\iOS\iOS.csproj", "{C0BE39B4-9F9F-4B0F-8E56-235FDE999EF7}"
EndProject
Project("{2150E333-8FDC-42A3-9474-1A3956D46DE8}") = "BassZXTune", "BassZXTune", "{4BDD4A47-C60E-4950-B171-224D947A984C}"
EndProject
Project("{2150E333-8FDC-42A3-9474-1A3956D46DE8}") = "BassSpx", "BassSpx", "{00FE2826-BEF4-4300-8ABA-EFBE19B7D8AC}"
EndProject
Project("{2150E333-8FDC-42A3-9474-1A3956D46DE8}") = "BassFlac", "BassFlac", "{1A8056DC-FE57-40F2-84C0-B859932344E5}"
EndProject
Project("{2150E333-8FDC-42A3-9474-1A3956D46DE8}") = "BassMidi", "BassMidi", "{46E48BCB-C105-4049-A64B-DFC1621B5A2D}"
EndProject
Project("{D954291E-2A0B-460D-934E-DC6B0785DB48}") = "Shared", "AddOns\BassMidi\Shared\Shared.shproj", "{1FB51416-F915-4DBB-9AC2-120333C73FF8}"
EndProject
Project("{FAE04EC0-301F-11D3-BF4B-00C04F79EFBC}") = "iOS", "AddOns\BassMidi\iOS\iOS.csproj", "{A4D1F1CE-73E9-4F5F-B399-E69D7BF998AA}"
EndProject
Project("{FAE04EC0-301F-11D3-BF4B-00C04F79EFBC}") = "Desktop", "AddOns\BassMidi\Desktop\Desktop.csproj", "{794CFB9C-8BAC-48B8-ABE6-B1003EAE0766}"
EndProject
Project("{2150E333-8FDC-42A3-9474-1A3956D46DE8}") = "BassDsd", "BassDsd", "{922FB332-5A93-40A7-A500-180A7EA91731}"
EndProject
Project("{2150E333-8FDC-42A3-9474-1A3956D46DE8}") = "BassMpc", "BassMpc", "{566B4EC0-CC28-4638-B3B8-A1E3EE5AA541}"
EndProject
Project("{D954291E-2A0B-460D-934E-DC6B0785DB48}") = "Shared", "AddOns\BassMpc\Shared\Shared.shproj", "{717A3C0B-8E34-4E31-BDD1-C11539DF0E40}"
EndProject
Project("{FAE04EC0-301F-11D3-BF4B-00C04F79EFBC}") = "iOS", "AddOns\BassMpc\iOS\iOS.csproj", "{A9B93675-59F5-4672-BE32-118F61E6347C}"
EndProject
Project("{2150E333-8FDC-42A3-9474-1A3956D46DE8}") = "BassOpus", "BassOpus", "{A9393A44-7774-4818-BAA8-A27E32EBF452}"
EndProject
Project("{D954291E-2A0B-460D-934E-DC6B0785DB48}") = "Shared", "AddOns\BassOpus\Shared\Shared.shproj", "{F4729D56-08DC-4B5B-9DB5-3E9B9904A4D4}"
EndProject
Project("{FAE04EC0-301F-11D3-BF4B-00C04F79EFBC}") = "iOS", "AddOns\BassOpus\iOS\iOS.csproj", "{8272A5BD-E3F4-4E31-B5CA-28FC08BFA9A7}"
EndProject
Project("{2150E333-8FDC-42A3-9474-1A3956D46DE8}") = "BassTta", "BassTta", "{D95987D7-C3BD-4B8C-BBF6-23F75CBD3E6E}"
EndProject
Project("{D954291E-2A0B-460D-934E-DC6B0785DB48}") = "Shared", "AddOns\BassTta\Shared\Shared.shproj", "{F1A52870-A4A7-4F6C-9DE1-CF4A76CED745}"
EndProject
Project("{FAE04EC0-301F-11D3-BF4B-00C04F79EFBC}") = "iOS", "AddOns\BassTta\iOS\iOS.csproj", "{2FFFBD62-09A9-4102-9D29-D1496D89FCF5}"
EndProject
Project("{2150E333-8FDC-42A3-9474-1A3956D46DE8}") = "BassTags", "BassTags", "{5641770D-6D49-435A-85FD-3333EF0A776A}"
EndProject
Project("{D954291E-2A0B-460D-934E-DC6B0785DB48}") = "Shared", "AddOns\BassTags\Shared\Shared.shproj", "{519CA48D-4634-4896-A613-6A39BB85BA6F}"
EndProject
Project("{FAE04EC0-301F-11D3-BF4B-00C04F79EFBC}") = "iOS", "AddOns\BassTags\iOS\iOS.csproj", "{25C516F5-2F19-452F-A323-7BB2D86B0AB3}"
EndProject
Project("{FAE04EC0-301F-11D3-BF4B-00C04F79EFBC}") = "BassAac", "AddOns\BassAac\BassAac.csproj", "{91E80AF2-D853-46B1-A2F6-C828320C45A9}"
EndProject
Project("{FAE04EC0-301F-11D3-BF4B-00C04F79EFBC}") = "BassAc3", "AddOns\BassAc3\BassAc3.csproj", "{AA5AF252-5B20-4921-A8CE-945D6235DC7A}"
EndProject
Project("{FAE04EC0-301F-11D3-BF4B-00C04F79EFBC}") = "BassAdx", "AddOns\BassAdx\BassAdx.csproj", "{2CD44141-D643-4AC6-9EEB-BAFA2733AE1A}"
EndProject
Project("{FAE04EC0-301F-11D3-BF4B-00C04F79EFBC}") = "BassAix", "AddOns\BassAix\BassAix.csproj", "{7E3F55DA-171A-4475-928B-D462C5C707B4}"
EndProject
Project("{FAE04EC0-301F-11D3-BF4B-00C04F79EFBC}") = "BassAlac", "AddOns\BassAlac\BassAlac.csproj", "{1310A7AC-D7FD-44C2-BD1A-63AA84874A98}"
EndProject
Project("{FAE04EC0-301F-11D3-BF4B-00C04F79EFBC}") = "BassAsio", "AddOns\BassAsio\BassAsio.csproj", "{8DD510A9-76A4-460D-B222-305FD4765D24}"
EndProject
Project("{FAE04EC0-301F-11D3-BF4B-00C04F79EFBC}") = "BassCd", "AddOns\BassCd\BassCd.csproj", "{E4290C67-247F-456C-AB35-EDEEB249EBEB}"
EndProject
Project("{FAE04EC0-301F-11D3-BF4B-00C04F79EFBC}") = "BassDShow", "AddOns\BassDShow\BassDShow.csproj", "{7868A0DD-1A10-4D46-BE25-09EA1C6D8451}"
EndProject
Project("{FAE04EC0-301F-11D3-BF4B-00C04F79EFBC}") = "BassOfr", "AddOns\BassOfr\BassOfr.csproj", "{F1897DEF-2409-4C60-96A6-11215E420B65}"
EndProject
Project("{FAE04EC0-301F-11D3-BF4B-00C04F79EFBC}") = "BassSfx", "AddOns\BassSfx\BassSfx.csproj", "{77E4C55D-6D03-48A5-9FB3-77C0F9A1F4CC}"
EndProject
Project("{FAE04EC0-301F-11D3-BF4B-00C04F79EFBC}") = "BassSpx", "AddOns\BassSpx\BassSpx.csproj", "{CEAC9076-EBF2-44B6-AE35-C093A36881F8}"
EndProject
Project("{FAE04EC0-301F-11D3-BF4B-00C04F79EFBC}") = "BassVst", "AddOns\BassVst\BassVst.csproj", "{74EFBAB1-6379-4700-8DB8-CAB6E87DAF2A}"
EndProject
Project("{FAE04EC0-301F-11D3-BF4B-00C04F79EFBC}") = "BassWA", "AddOns\BassWA\BassWA.csproj", "{17113184-2CFD-473D-8A0C-E10E1B694EA7}"
EndProject
Project("{FAE04EC0-301F-11D3-BF4B-00C04F79EFBC}") = "BassWaDsp", "AddOns\BassWaDsp\BassWaDsp.csproj", "{1FD61BD0-F573-45D5-A0E1-3B91D184F8ED}"
EndProject
Project("{FAE04EC0-301F-11D3-BF4B-00C04F79EFBC}") = "BassWasapi", "AddOns\BassWasapi\BassWasapi.csproj", "{DAB9EAFE-5298-40AC-861E-93860263F382}"
EndProject
Project("{FAE04EC0-301F-11D3-BF4B-00C04F79EFBC}") = "BassWinamp", "AddOns\BassWinamp\BassWinamp.csproj", "{851D765B-960D-43E1-A3BA-21A3F8C87F76}"
EndProject
Project("{FAE04EC0-301F-11D3-BF4B-00C04F79EFBC}") = "BassWma", "AddOns\BassWma\BassWma.csproj", "{0D38EA18-93DE-480F-BE37-3142CE05D90B}"
EndProject
Project("{FAE04EC0-301F-11D3-BF4B-00C04F79EFBC}") = "BassZXTune", "AddOns\BassZXTune\BassZXTune.csproj", "{2436355D-6476-472A-86F9-C6939A9F59F1}"
EndProject
Project("{9A19103F-16F7-4668-BE54-9A1E7A4F7556}") = "Bass", "Bass\Portable\Bass.csproj", "{E29CFA86-E31D-4694-9CC0-7337502C7746}"
EndProject
Project("{9A19103F-16F7-4668-BE54-9A1E7A4F7556}") = "BassApe", "AddOns\BassApe\BassApe.csproj", "{96BD57E2-F26F-484E-A872-254D57692414}"
EndProject
Project("{9A19103F-16F7-4668-BE54-9A1E7A4F7556}") = "BassDsd", "AddOns\BassDsd\BassDsd.csproj", "{00EA2796-F332-451E-82B9-763487485C2C}"
EndProject
Project("{9A19103F-16F7-4668-BE54-9A1E7A4F7556}") = "BassFlac", "AddOns\BassFlac\BassFlac.csproj", "{FFCA0A66-B9D6-4060-866C-DA6215E03040}"
EndProject
Project("{9A19103F-16F7-4668-BE54-9A1E7A4F7556}") = "BassFx", "AddOns\BassFx\BassFx.csproj", "{62830AC1-398E-45F6-8C77-B6346019A65D}"
EndProject
Project("{9A19103F-16F7-4668-BE54-9A1E7A4F7556}") = "BassHls", "AddOns\BassHls\Portable\BassHls.csproj", "{6154A4AA-F695-4ACB-9C52-4C4EBDA50B45}"
EndProject
Project("{9A19103F-16F7-4668-BE54-9A1E7A4F7556}") = "BassMix", "AddOns\BassMix\Portable\BassMix.csproj", "{FE79230F-4D58-4B0C-8076-D17CFBBF8259}"
EndProject
Project("{9A19103F-16F7-4668-BE54-9A1E7A4F7556}") = "BassMpc", "AddOns\BassMpc\Portable\BassMpc.csproj", "{2DA3DF25-649D-4CCA-B66E-8E6AC29889E9}"
EndProject
Project("{9A19103F-16F7-4668-BE54-9A1E7A4F7556}") = "BassOpus", "AddOns\BassOpus\Portable\BassOpus.csproj", "{250D688B-BE3E-4A95-B2DD-E3CB78D92ACF}"
EndProject
Project("{9A19103F-16F7-4668-BE54-9A1E7A4F7556}") = "BassTags", "AddOns\BassTags\Portable\BassTags.csproj", "{A1186DFD-562D-4E9F-92E0-D8D7533B1ECD}"
EndProject
Project("{9A19103F-16F7-4668-BE54-9A1E7A4F7556}") = "BassTta", "AddOns\BassTta\Portable\BassTta.csproj", "{5FE5D23A-0029-42A2-8C4F-68CB9590C6C9}"
EndProject
Project("{9A19103F-16F7-4668-BE54-9A1E7A4F7556}") = "BassWv", "AddOns\BassWv\Portable\BassWv.csproj", "{AA72E426-627B-497C-8219-F344577D4DE0}"
EndProject
Project("{9A19103F-16F7-4668-BE54-9A1E7A4F7556}") = "BassEnc", "AddOns\BassEnc\Portable\BassEnc.csproj", "{8E11E61B-F8DB-44A1-B30E-140A46B9D6D4}"
EndProject
Project("{9A19103F-16F7-4668-BE54-9A1E7A4F7556}") = "BassMidi", "AddOns\BassMidi\Portable\BassMidi.csproj", "{B74875B2-2AE0-4665-BC80-33EDC955C381}"
EndProject
Global
	GlobalSection(SharedMSBuildProjectFiles) = preSolution
		AddOns\BassMidi\Shared\Shared.projitems*{1fb51416-f915-4dbb-9ac2-120333c73ff8}*SharedItemsImports = 13
		Bass\Shared\Shared.projitems*{2128ef61-f422-439a-beb2-be39bac713ee}*SharedItemsImports = 4
		AddOns\BassTags\Shared\Shared.projitems*{25c516f5-2f19-452f-a323-7bb2d86b0ab3}*SharedItemsImports = 4
		AddOns\BassTta\Shared\Shared.projitems*{2fffbd62-09a9-4102-9d29-d1496d89fcf5}*SharedItemsImports = 4
		AddOns\BassEnc\Shared\Shared.projitems*{3ba4ff0c-458a-44da-b267-3409151598d7}*SharedItemsImports = 4
		AddOns\BassTags\Shared\Shared.projitems*{519ca48d-4634-4896-a613-6a39bb85ba6f}*SharedItemsImports = 13
		AddOns\BassHls\Shared\Shared.projitems*{66398bda-c98e-434a-9cad-59c238ae6e46}*SharedItemsImports = 4
		AddOns\BassMpc\Shared\Shared.projitems*{717a3c0b-8e34-4e31-bdd1-c11539df0e40}*SharedItemsImports = 13
		Bass\Shared\Shared.projitems*{78ebb66c-05cb-4a2d-94a7-5eb29c5f02ed}*SharedItemsImports = 4
		AddOns\BassMidi\Shared\Shared.projitems*{794cfb9c-8bac-48b8-abe6-b1003eae0766}*SharedItemsImports = 4
		AddOns\BassWv\Shared\Shared.projitems*{7cdaa724-cc87-4774-9f5e-6726daea4713}*SharedItemsImports = 13
		AddOns\BassOpus\Shared\Shared.projitems*{8272a5bd-e3f4-4e31-b5ca-28fc08bfa9a7}*SharedItemsImports = 4
		AddOns\BassMidi\Shared\Shared.projitems*{a4d1f1ce-73e9-4f5f-b399-e69d7bf998aa}*SharedItemsImports = 4
		AddOns\BassEnc\Shared\Shared.projitems*{a885cf43-1f88-4ec7-af35-4c73776b1c42}*SharedItemsImports = 13
		AddOns\BassMpc\Shared\Shared.projitems*{a9b93675-59f5-4672-be32-118f61e6347c}*SharedItemsImports = 4
		AddOns\BassHls\Shared\Shared.projitems*{b2cfbfe2-e223-4cb2-81b0-25e142b401aa}*SharedItemsImports = 13
		AddOns\BassMix\Shared\Shared.projitems*{b3bb59a9-e642-4c8b-b7fe-514acb5debc9}*SharedItemsImports = 4
		AddOns\BassWv\Shared\Shared.projitems*{c0be39b4-9f9f-4b0f-8e56-235fde999ef7}*SharedItemsImports = 4
		Bass\Shared\Shared.projitems*{cd4e203e-c152-4914-93f8-59010befcb52}*SharedItemsImports = 13
		AddOns\BassEnc\Shared\Shared.projitems*{d7a05b65-f427-4d11-a156-5f5459044b22}*SharedItemsImports = 4
		AddOns\BassMix\Shared\Shared.projitems*{ddd15511-75a1-4d14-a231-46b06a5155ec}*SharedItemsImports = 13
		AddOns\BassTta\Shared\Shared.projitems*{f1a52870-a4a7-4f6c-9de1-cf4a76ced745}*SharedItemsImports = 13
		AddOns\BassOpus\Shared\Shared.projitems*{f4729d56-08dc-4b5b-9db5-3e9b9904a4d4}*SharedItemsImports = 13
	EndGlobalSection
	GlobalSection(SolutionConfigurationPlatforms) = preSolution
		Debug|Any CPU = Debug|Any CPU
		Release|Any CPU = Release|Any CPU
	EndGlobalSection
	GlobalSection(ProjectConfigurationPlatforms) = postSolution
		{78EBB66C-05CB-4A2D-94A7-5EB29C5F02ED}.Debug|Any CPU.ActiveCfg = Debug|Any CPU
		{78EBB66C-05CB-4A2D-94A7-5EB29C5F02ED}.Debug|Any CPU.Build.0 = Debug|Any CPU
		{78EBB66C-05CB-4A2D-94A7-5EB29C5F02ED}.Release|Any CPU.ActiveCfg = Release|Any CPU
		{78EBB66C-05CB-4A2D-94A7-5EB29C5F02ED}.Release|Any CPU.Build.0 = Release|Any CPU
		{3BA4FF0C-458A-44DA-B267-3409151598D7}.Debug|Any CPU.ActiveCfg = Debug|Any CPU
		{3BA4FF0C-458A-44DA-B267-3409151598D7}.Debug|Any CPU.Build.0 = Debug|Any CPU
		{3BA4FF0C-458A-44DA-B267-3409151598D7}.Release|Any CPU.ActiveCfg = Release|Any CPU
		{3BA4FF0C-458A-44DA-B267-3409151598D7}.Release|Any CPU.Build.0 = Release|Any CPU
		{2128EF61-F422-439A-BEB2-BE39BAC713EE}.Debug|Any CPU.ActiveCfg = Debug|Any CPU
		{2128EF61-F422-439A-BEB2-BE39BAC713EE}.Debug|Any CPU.Build.0 = Debug|Any CPU
		{2128EF61-F422-439A-BEB2-BE39BAC713EE}.Release|Any CPU.ActiveCfg = Release|Any CPU
		{2128EF61-F422-439A-BEB2-BE39BAC713EE}.Release|Any CPU.Build.0 = Release|Any CPU
		{B3BB59A9-E642-4C8B-B7FE-514ACB5DEBC9}.Debug|Any CPU.ActiveCfg = Debug|Any CPU
		{B3BB59A9-E642-4C8B-B7FE-514ACB5DEBC9}.Debug|Any CPU.Build.0 = Debug|Any CPU
		{B3BB59A9-E642-4C8B-B7FE-514ACB5DEBC9}.Release|Any CPU.ActiveCfg = Release|Any CPU
		{B3BB59A9-E642-4C8B-B7FE-514ACB5DEBC9}.Release|Any CPU.Build.0 = Release|Any CPU
		{D7A05B65-F427-4D11-A156-5F5459044B22}.Debug|Any CPU.ActiveCfg = Debug|Any CPU
		{D7A05B65-F427-4D11-A156-5F5459044B22}.Debug|Any CPU.Build.0 = Debug|Any CPU
		{D7A05B65-F427-4D11-A156-5F5459044B22}.Release|Any CPU.ActiveCfg = Release|Any CPU
		{D7A05B65-F427-4D11-A156-5F5459044B22}.Release|Any CPU.Build.0 = Release|Any CPU
		{66398BDA-C98E-434A-9CAD-59C238AE6E46}.Debug|Any CPU.ActiveCfg = Debug|Any CPU
		{66398BDA-C98E-434A-9CAD-59C238AE6E46}.Debug|Any CPU.Build.0 = Debug|Any CPU
		{66398BDA-C98E-434A-9CAD-59C238AE6E46}.Release|Any CPU.ActiveCfg = Release|Any CPU
		{66398BDA-C98E-434A-9CAD-59C238AE6E46}.Release|Any CPU.Build.0 = Release|Any CPU
		{C0BE39B4-9F9F-4B0F-8E56-235FDE999EF7}.Debug|Any CPU.ActiveCfg = Debug|Any CPU
		{C0BE39B4-9F9F-4B0F-8E56-235FDE999EF7}.Debug|Any CPU.Build.0 = Debug|Any CPU
		{C0BE39B4-9F9F-4B0F-8E56-235FDE999EF7}.Release|Any CPU.ActiveCfg = Release|Any CPU
		{C0BE39B4-9F9F-4B0F-8E56-235FDE999EF7}.Release|Any CPU.Build.0 = Release|Any CPU
		{A4D1F1CE-73E9-4F5F-B399-E69D7BF998AA}.Debug|Any CPU.ActiveCfg = Debug|Any CPU
		{A4D1F1CE-73E9-4F5F-B399-E69D7BF998AA}.Debug|Any CPU.Build.0 = Debug|Any CPU
		{A4D1F1CE-73E9-4F5F-B399-E69D7BF998AA}.Release|Any CPU.ActiveCfg = Release|Any CPU
		{A4D1F1CE-73E9-4F5F-B399-E69D7BF998AA}.Release|Any CPU.Build.0 = Release|Any CPU
		{794CFB9C-8BAC-48B8-ABE6-B1003EAE0766}.Debug|Any CPU.ActiveCfg = Debug|Any CPU
		{794CFB9C-8BAC-48B8-ABE6-B1003EAE0766}.Debug|Any CPU.Build.0 = Debug|Any CPU
		{794CFB9C-8BAC-48B8-ABE6-B1003EAE0766}.Release|Any CPU.ActiveCfg = Release|Any CPU
		{794CFB9C-8BAC-48B8-ABE6-B1003EAE0766}.Release|Any CPU.Build.0 = Release|Any CPU
		{A9B93675-59F5-4672-BE32-118F61E6347C}.Debug|Any CPU.ActiveCfg = Debug|Any CPU
		{A9B93675-59F5-4672-BE32-118F61E6347C}.Debug|Any CPU.Build.0 = Debug|Any CPU
		{A9B93675-59F5-4672-BE32-118F61E6347C}.Release|Any CPU.ActiveCfg = Release|Any CPU
		{A9B93675-59F5-4672-BE32-118F61E6347C}.Release|Any CPU.Build.0 = Release|Any CPU
		{8272A5BD-E3F4-4E31-B5CA-28FC08BFA9A7}.Debug|Any CPU.ActiveCfg = Debug|Any CPU
		{8272A5BD-E3F4-4E31-B5CA-28FC08BFA9A7}.Debug|Any CPU.Build.0 = Debug|Any CPU
		{8272A5BD-E3F4-4E31-B5CA-28FC08BFA9A7}.Release|Any CPU.ActiveCfg = Release|Any CPU
		{8272A5BD-E3F4-4E31-B5CA-28FC08BFA9A7}.Release|Any CPU.Build.0 = Release|Any CPU
		{2FFFBD62-09A9-4102-9D29-D1496D89FCF5}.Debug|Any CPU.ActiveCfg = Debug|Any CPU
		{2FFFBD62-09A9-4102-9D29-D1496D89FCF5}.Debug|Any CPU.Build.0 = Debug|Any CPU
		{2FFFBD62-09A9-4102-9D29-D1496D89FCF5}.Release|Any CPU.ActiveCfg = Release|Any CPU
		{2FFFBD62-09A9-4102-9D29-D1496D89FCF5}.Release|Any CPU.Build.0 = Release|Any CPU
		{25C516F5-2F19-452F-A323-7BB2D86B0AB3}.Debug|Any CPU.ActiveCfg = Debug|Any CPU
		{25C516F5-2F19-452F-A323-7BB2D86B0AB3}.Debug|Any CPU.Build.0 = Debug|Any CPU
		{25C516F5-2F19-452F-A323-7BB2D86B0AB3}.Release|Any CPU.ActiveCfg = Release|Any CPU
		{25C516F5-2F19-452F-A323-7BB2D86B0AB3}.Release|Any CPU.Build.0 = Release|Any CPU
		{91E80AF2-D853-46B1-A2F6-C828320C45A9}.Debug|Any CPU.ActiveCfg = Debug|Any CPU
		{91E80AF2-D853-46B1-A2F6-C828320C45A9}.Debug|Any CPU.Build.0 = Debug|Any CPU
		{91E80AF2-D853-46B1-A2F6-C828320C45A9}.Release|Any CPU.ActiveCfg = Release|Any CPU
		{91E80AF2-D853-46B1-A2F6-C828320C45A9}.Release|Any CPU.Build.0 = Release|Any CPU
		{AA5AF252-5B20-4921-A8CE-945D6235DC7A}.Debug|Any CPU.ActiveCfg = Debug|Any CPU
		{AA5AF252-5B20-4921-A8CE-945D6235DC7A}.Debug|Any CPU.Build.0 = Debug|Any CPU
		{AA5AF252-5B20-4921-A8CE-945D6235DC7A}.Release|Any CPU.ActiveCfg = Release|Any CPU
		{AA5AF252-5B20-4921-A8CE-945D6235DC7A}.Release|Any CPU.Build.0 = Release|Any CPU
		{2CD44141-D643-4AC6-9EEB-BAFA2733AE1A}.Debug|Any CPU.ActiveCfg = Debug|Any CPU
		{2CD44141-D643-4AC6-9EEB-BAFA2733AE1A}.Debug|Any CPU.Build.0 = Debug|Any CPU
		{2CD44141-D643-4AC6-9EEB-BAFA2733AE1A}.Release|Any CPU.ActiveCfg = Release|Any CPU
		{2CD44141-D643-4AC6-9EEB-BAFA2733AE1A}.Release|Any CPU.Build.0 = Release|Any CPU
		{7E3F55DA-171A-4475-928B-D462C5C707B4}.Debug|Any CPU.ActiveCfg = Debug|Any CPU
		{7E3F55DA-171A-4475-928B-D462C5C707B4}.Debug|Any CPU.Build.0 = Debug|Any CPU
		{7E3F55DA-171A-4475-928B-D462C5C707B4}.Release|Any CPU.ActiveCfg = Release|Any CPU
		{7E3F55DA-171A-4475-928B-D462C5C707B4}.Release|Any CPU.Build.0 = Release|Any CPU
		{1310A7AC-D7FD-44C2-BD1A-63AA84874A98}.Debug|Any CPU.ActiveCfg = Debug|Any CPU
		{1310A7AC-D7FD-44C2-BD1A-63AA84874A98}.Debug|Any CPU.Build.0 = Debug|Any CPU
		{1310A7AC-D7FD-44C2-BD1A-63AA84874A98}.Release|Any CPU.ActiveCfg = Release|Any CPU
		{1310A7AC-D7FD-44C2-BD1A-63AA84874A98}.Release|Any CPU.Build.0 = Release|Any CPU
		{8DD510A9-76A4-460D-B222-305FD4765D24}.Debug|Any CPU.ActiveCfg = Debug|Any CPU
		{8DD510A9-76A4-460D-B222-305FD4765D24}.Debug|Any CPU.Build.0 = Debug|Any CPU
		{8DD510A9-76A4-460D-B222-305FD4765D24}.Release|Any CPU.ActiveCfg = Release|Any CPU
		{8DD510A9-76A4-460D-B222-305FD4765D24}.Release|Any CPU.Build.0 = Release|Any CPU
		{E4290C67-247F-456C-AB35-EDEEB249EBEB}.Debug|Any CPU.ActiveCfg = Debug|Any CPU
		{E4290C67-247F-456C-AB35-EDEEB249EBEB}.Debug|Any CPU.Build.0 = Debug|Any CPU
		{E4290C67-247F-456C-AB35-EDEEB249EBEB}.Release|Any CPU.ActiveCfg = Release|Any CPU
		{E4290C67-247F-456C-AB35-EDEEB249EBEB}.Release|Any CPU.Build.0 = Release|Any CPU
		{7868A0DD-1A10-4D46-BE25-09EA1C6D8451}.Debug|Any CPU.ActiveCfg = Debug|Any CPU
		{7868A0DD-1A10-4D46-BE25-09EA1C6D8451}.Debug|Any CPU.Build.0 = Debug|Any CPU
		{7868A0DD-1A10-4D46-BE25-09EA1C6D8451}.Release|Any CPU.ActiveCfg = Release|Any CPU
		{7868A0DD-1A10-4D46-BE25-09EA1C6D8451}.Release|Any CPU.Build.0 = Release|Any CPU
		{F1897DEF-2409-4C60-96A6-11215E420B65}.Debug|Any CPU.ActiveCfg = Debug|Any CPU
		{F1897DEF-2409-4C60-96A6-11215E420B65}.Debug|Any CPU.Build.0 = Debug|Any CPU
		{F1897DEF-2409-4C60-96A6-11215E420B65}.Release|Any CPU.ActiveCfg = Release|Any CPU
		{F1897DEF-2409-4C60-96A6-11215E420B65}.Release|Any CPU.Build.0 = Release|Any CPU
		{77E4C55D-6D03-48A5-9FB3-77C0F9A1F4CC}.Debug|Any CPU.ActiveCfg = Debug|Any CPU
		{77E4C55D-6D03-48A5-9FB3-77C0F9A1F4CC}.Debug|Any CPU.Build.0 = Debug|Any CPU
		{77E4C55D-6D03-48A5-9FB3-77C0F9A1F4CC}.Release|Any CPU.ActiveCfg = Release|Any CPU
		{77E4C55D-6D03-48A5-9FB3-77C0F9A1F4CC}.Release|Any CPU.Build.0 = Release|Any CPU
		{CEAC9076-EBF2-44B6-AE35-C093A36881F8}.Debug|Any CPU.ActiveCfg = Debug|Any CPU
		{CEAC9076-EBF2-44B6-AE35-C093A36881F8}.Debug|Any CPU.Build.0 = Debug|Any CPU
		{CEAC9076-EBF2-44B6-AE35-C093A36881F8}.Release|Any CPU.ActiveCfg = Release|Any CPU
		{CEAC9076-EBF2-44B6-AE35-C093A36881F8}.Release|Any CPU.Build.0 = Release|Any CPU
		{74EFBAB1-6379-4700-8DB8-CAB6E87DAF2A}.Debug|Any CPU.ActiveCfg = Debug|Any CPU
		{74EFBAB1-6379-4700-8DB8-CAB6E87DAF2A}.Debug|Any CPU.Build.0 = Debug|Any CPU
		{74EFBAB1-6379-4700-8DB8-CAB6E87DAF2A}.Release|Any CPU.ActiveCfg = Release|Any CPU
		{74EFBAB1-6379-4700-8DB8-CAB6E87DAF2A}.Release|Any CPU.Build.0 = Release|Any CPU
		{17113184-2CFD-473D-8A0C-E10E1B694EA7}.Debug|Any CPU.ActiveCfg = Debug|Any CPU
		{17113184-2CFD-473D-8A0C-E10E1B694EA7}.Debug|Any CPU.Build.0 = Debug|Any CPU
		{17113184-2CFD-473D-8A0C-E10E1B694EA7}.Release|Any CPU.ActiveCfg = Release|Any CPU
		{17113184-2CFD-473D-8A0C-E10E1B694EA7}.Release|Any CPU.Build.0 = Release|Any CPU
		{1FD61BD0-F573-45D5-A0E1-3B91D184F8ED}.Debug|Any CPU.ActiveCfg = Debug|Any CPU
		{1FD61BD0-F573-45D5-A0E1-3B91D184F8ED}.Debug|Any CPU.Build.0 = Debug|Any CPU
		{1FD61BD0-F573-45D5-A0E1-3B91D184F8ED}.Release|Any CPU.ActiveCfg = Release|Any CPU
		{1FD61BD0-F573-45D5-A0E1-3B91D184F8ED}.Release|Any CPU.Build.0 = Release|Any CPU
		{DAB9EAFE-5298-40AC-861E-93860263F382}.Debug|Any CPU.ActiveCfg = Debug|Any CPU
		{DAB9EAFE-5298-40AC-861E-93860263F382}.Debug|Any CPU.Build.0 = Debug|Any CPU
		{DAB9EAFE-5298-40AC-861E-93860263F382}.Release|Any CPU.ActiveCfg = Release|Any CPU
		{DAB9EAFE-5298-40AC-861E-93860263F382}.Release|Any CPU.Build.0 = Release|Any CPU
		{851D765B-960D-43E1-A3BA-21A3F8C87F76}.Debug|Any CPU.ActiveCfg = Debug|Any CPU
		{851D765B-960D-43E1-A3BA-21A3F8C87F76}.Debug|Any CPU.Build.0 = Debug|Any CPU
		{851D765B-960D-43E1-A3BA-21A3F8C87F76}.Release|Any CPU.ActiveCfg = Release|Any CPU
		{851D765B-960D-43E1-A3BA-21A3F8C87F76}.Release|Any CPU.Build.0 = Release|Any CPU
		{0D38EA18-93DE-480F-BE37-3142CE05D90B}.Debug|Any CPU.ActiveCfg = Debug|Any CPU
		{0D38EA18-93DE-480F-BE37-3142CE05D90B}.Debug|Any CPU.Build.0 = Debug|Any CPU
		{0D38EA18-93DE-480F-BE37-3142CE05D90B}.Release|Any CPU.ActiveCfg = Release|Any CPU
		{0D38EA18-93DE-480F-BE37-3142CE05D90B}.Release|Any CPU.Build.0 = Release|Any CPU
		{2436355D-6476-472A-86F9-C6939A9F59F1}.Debug|Any CPU.ActiveCfg = Debug|Any CPU
		{2436355D-6476-472A-86F9-C6939A9F59F1}.Debug|Any CPU.Build.0 = Debug|Any CPU
		{2436355D-6476-472A-86F9-C6939A9F59F1}.Release|Any CPU.ActiveCfg = Release|Any CPU
		{2436355D-6476-472A-86F9-C6939A9F59F1}.Release|Any CPU.Build.0 = Release|Any CPU
		{E29CFA86-E31D-4694-9CC0-7337502C7746}.Debug|Any CPU.ActiveCfg = Debug|Any CPU
		{E29CFA86-E31D-4694-9CC0-7337502C7746}.Debug|Any CPU.Build.0 = Debug|Any CPU
		{E29CFA86-E31D-4694-9CC0-7337502C7746}.Release|Any CPU.ActiveCfg = Release|Any CPU
		{E29CFA86-E31D-4694-9CC0-7337502C7746}.Release|Any CPU.Build.0 = Release|Any CPU
		{96BD57E2-F26F-484E-A872-254D57692414}.Debug|Any CPU.ActiveCfg = Debug|Any CPU
		{96BD57E2-F26F-484E-A872-254D57692414}.Debug|Any CPU.Build.0 = Debug|Any CPU
		{96BD57E2-F26F-484E-A872-254D57692414}.Release|Any CPU.ActiveCfg = Release|Any CPU
		{96BD57E2-F26F-484E-A872-254D57692414}.Release|Any CPU.Build.0 = Release|Any CPU
		{00EA2796-F332-451E-82B9-763487485C2C}.Debug|Any CPU.ActiveCfg = Debug|Any CPU
		{00EA2796-F332-451E-82B9-763487485C2C}.Debug|Any CPU.Build.0 = Debug|Any CPU
		{00EA2796-F332-451E-82B9-763487485C2C}.Release|Any CPU.ActiveCfg = Release|Any CPU
		{00EA2796-F332-451E-82B9-763487485C2C}.Release|Any CPU.Build.0 = Release|Any CPU
		{FFCA0A66-B9D6-4060-866C-DA6215E03040}.Debug|Any CPU.ActiveCfg = Debug|Any CPU
		{FFCA0A66-B9D6-4060-866C-DA6215E03040}.Debug|Any CPU.Build.0 = Debug|Any CPU
		{FFCA0A66-B9D6-4060-866C-DA6215E03040}.Release|Any CPU.ActiveCfg = Release|Any CPU
		{FFCA0A66-B9D6-4060-866C-DA6215E03040}.Release|Any CPU.Build.0 = Release|Any CPU
		{62830AC1-398E-45F6-8C77-B6346019A65D}.Debug|Any CPU.ActiveCfg = Debug|Any CPU
		{62830AC1-398E-45F6-8C77-B6346019A65D}.Debug|Any CPU.Build.0 = Debug|Any CPU
		{62830AC1-398E-45F6-8C77-B6346019A65D}.Release|Any CPU.ActiveCfg = Release|Any CPU
		{62830AC1-398E-45F6-8C77-B6346019A65D}.Release|Any CPU.Build.0 = Release|Any CPU
		{6154A4AA-F695-4ACB-9C52-4C4EBDA50B45}.Debug|Any CPU.ActiveCfg = Debug|Any CPU
		{6154A4AA-F695-4ACB-9C52-4C4EBDA50B45}.Debug|Any CPU.Build.0 = Debug|Any CPU
		{6154A4AA-F695-4ACB-9C52-4C4EBDA50B45}.Release|Any CPU.ActiveCfg = Release|Any CPU
		{6154A4AA-F695-4ACB-9C52-4C4EBDA50B45}.Release|Any CPU.Build.0 = Release|Any CPU
		{FE79230F-4D58-4B0C-8076-D17CFBBF8259}.Debug|Any CPU.ActiveCfg = Debug|Any CPU
		{FE79230F-4D58-4B0C-8076-D17CFBBF8259}.Debug|Any CPU.Build.0 = Debug|Any CPU
		{FE79230F-4D58-4B0C-8076-D17CFBBF8259}.Release|Any CPU.ActiveCfg = Release|Any CPU
		{FE79230F-4D58-4B0C-8076-D17CFBBF8259}.Release|Any CPU.Build.0 = Release|Any CPU
		{2DA3DF25-649D-4CCA-B66E-8E6AC29889E9}.Debug|Any CPU.ActiveCfg = Debug|Any CPU
		{2DA3DF25-649D-4CCA-B66E-8E6AC29889E9}.Debug|Any CPU.Build.0 = Debug|Any CPU
		{2DA3DF25-649D-4CCA-B66E-8E6AC29889E9}.Release|Any CPU.ActiveCfg = Release|Any CPU
		{2DA3DF25-649D-4CCA-B66E-8E6AC29889E9}.Release|Any CPU.Build.0 = Release|Any CPU
		{250D688B-BE3E-4A95-B2DD-E3CB78D92ACF}.Debug|Any CPU.ActiveCfg = Debug|Any CPU
		{250D688B-BE3E-4A95-B2DD-E3CB78D92ACF}.Debug|Any CPU.Build.0 = Debug|Any CPU
		{250D688B-BE3E-4A95-B2DD-E3CB78D92ACF}.Release|Any CPU.ActiveCfg = Release|Any CPU
		{250D688B-BE3E-4A95-B2DD-E3CB78D92ACF}.Release|Any CPU.Build.0 = Release|Any CPU
		{A1186DFD-562D-4E9F-92E0-D8D7533B1ECD}.Debug|Any CPU.ActiveCfg = Debug|Any CPU
		{A1186DFD-562D-4E9F-92E0-D8D7533B1ECD}.Debug|Any CPU.Build.0 = Debug|Any CPU
		{A1186DFD-562D-4E9F-92E0-D8D7533B1ECD}.Release|Any CPU.ActiveCfg = Release|Any CPU
		{A1186DFD-562D-4E9F-92E0-D8D7533B1ECD}.Release|Any CPU.Build.0 = Release|Any CPU
		{5FE5D23A-0029-42A2-8C4F-68CB9590C6C9}.Debug|Any CPU.ActiveCfg = Debug|Any CPU
		{5FE5D23A-0029-42A2-8C4F-68CB9590C6C9}.Debug|Any CPU.Build.0 = Debug|Any CPU
		{5FE5D23A-0029-42A2-8C4F-68CB9590C6C9}.Release|Any CPU.ActiveCfg = Release|Any CPU
		{5FE5D23A-0029-42A2-8C4F-68CB9590C6C9}.Release|Any CPU.Build.0 = Release|Any CPU
		{AA72E426-627B-497C-8219-F344577D4DE0}.Debug|Any CPU.ActiveCfg = Debug|Any CPU
		{AA72E426-627B-497C-8219-F344577D4DE0}.Debug|Any CPU.Build.0 = Debug|Any CPU
		{AA72E426-627B-497C-8219-F344577D4DE0}.Release|Any CPU.ActiveCfg = Release|Any CPU
		{AA72E426-627B-497C-8219-F344577D4DE0}.Release|Any CPU.Build.0 = Release|Any CPU
		{8E11E61B-F8DB-44A1-B30E-140A46B9D6D4}.Debug|Any CPU.ActiveCfg = Debug|Any CPU
		{8E11E61B-F8DB-44A1-B30E-140A46B9D6D4}.Debug|Any CPU.Build.0 = Debug|Any CPU
		{8E11E61B-F8DB-44A1-B30E-140A46B9D6D4}.Release|Any CPU.ActiveCfg = Release|Any CPU
		{8E11E61B-F8DB-44A1-B30E-140A46B9D6D4}.Release|Any CPU.Build.0 = Release|Any CPU
		{B74875B2-2AE0-4665-BC80-33EDC955C381}.Debug|Any CPU.ActiveCfg = Debug|Any CPU
		{B74875B2-2AE0-4665-BC80-33EDC955C381}.Debug|Any CPU.Build.0 = Debug|Any CPU
		{B74875B2-2AE0-4665-BC80-33EDC955C381}.Release|Any CPU.ActiveCfg = Release|Any CPU
		{B74875B2-2AE0-4665-BC80-33EDC955C381}.Release|Any CPU.Build.0 = Release|Any CPU
	EndGlobalSection
	GlobalSection(SolutionProperties) = preSolution
		HideSolutionNode = FALSE
	EndGlobalSection
	GlobalSection(NestedProjects) = preSolution
		{CD4E203E-C152-4914-93F8-59010BEFCB52} = {2F77A940-A236-4FCB-950C-03600F1F4EDC}
		{78EBB66C-05CB-4A2D-94A7-5EB29C5F02ED} = {2F77A940-A236-4FCB-950C-03600F1F4EDC}
		{32C0B6FE-4187-44E4-8F10-453FB1BB6287} = {BDBF2AF3-D93A-4F7C-9912-BABBF2322D6E}
		{A885CF43-1F88-4EC7-AF35-4C73776B1C42} = {32C0B6FE-4187-44E4-8F10-453FB1BB6287}
		{3BA4FF0C-458A-44DA-B267-3409151598D7} = {32C0B6FE-4187-44E4-8F10-453FB1BB6287}
		{5129C71C-6B93-49C3-9C33-58601F250523} = {BDBF2AF3-D93A-4F7C-9912-BABBF2322D6E}
		{7B304BAF-C396-4AE3-8BF6-F947F136D908} = {BDBF2AF3-D93A-4F7C-9912-BABBF2322D6E}
		{DA8F1FAA-8700-42EE-A5B5-7F7A21C45039} = {BDBF2AF3-D93A-4F7C-9912-BABBF2322D6E}
		{DDD15511-75A1-4D14-A231-46B06A5155EC} = {DA8F1FAA-8700-42EE-A5B5-7F7A21C45039}
		{2128EF61-F422-439A-BEB2-BE39BAC713EE} = {2F77A940-A236-4FCB-950C-03600F1F4EDC}
		{B3BB59A9-E642-4C8B-B7FE-514ACB5DEBC9} = {DA8F1FAA-8700-42EE-A5B5-7F7A21C45039}
		{5F18CAAD-AD81-4B0E-93A4-38E935A3AA35} = {BDBF2AF3-D93A-4F7C-9912-BABBF2322D6E}
		{D7A05B65-F427-4D11-A156-5F5459044B22} = {32C0B6FE-4187-44E4-8F10-453FB1BB6287}
		{B5DC7C7E-6BB3-4DA0-AD95-612F85B9DF31} = {BDBF2AF3-D93A-4F7C-9912-BABBF2322D6E}
		{43F007E0-C585-434D-8589-E6F0540C5275} = {BDBF2AF3-D93A-4F7C-9912-BABBF2322D6E}
		{C2461F83-4521-4C04-89D7-D57CBE0CF561} = {BDBF2AF3-D93A-4F7C-9912-BABBF2322D6E}
		{90D116C1-1544-4D1D-A0EB-32948A2D6156} = {BDBF2AF3-D93A-4F7C-9912-BABBF2322D6E}
		{CCF97E8B-7309-4C30-B826-5FD1F8C30786} = {BDBF2AF3-D93A-4F7C-9912-BABBF2322D6E}
		{39C119B9-F99E-4445-9DDD-A3B3AE9AB389} = {BDBF2AF3-D93A-4F7C-9912-BABBF2322D6E}
		{B2CFBFE2-E223-4CB2-81B0-25E142B401AA} = {39C119B9-F99E-4445-9DDD-A3B3AE9AB389}
		{66398BDA-C98E-434A-9CAD-59C238AE6E46} = {39C119B9-F99E-4445-9DDD-A3B3AE9AB389}
		{1848F234-E664-4C64-9584-01AD87E31F7D} = {BDBF2AF3-D93A-4F7C-9912-BABBF2322D6E}
		{49627D66-ECBB-4CE7-8B42-DABAB942E133} = {BDBF2AF3-D93A-4F7C-9912-BABBF2322D6E}
		{29801828-B625-4122-9AA5-02A973C85023} = {BDBF2AF3-D93A-4F7C-9912-BABBF2322D6E}
		{FB4093DA-A1F8-4AC0-A723-54120E8F36C7} = {BDBF2AF3-D93A-4F7C-9912-BABBF2322D6E}
		{CDF9333F-8040-4D48-AE67-DA48CE0B4AA0} = {BDBF2AF3-D93A-4F7C-9912-BABBF2322D6E}
		{1CEF44C8-D512-4E6A-92A0-EE62479CFD3E} = {BDBF2AF3-D93A-4F7C-9912-BABBF2322D6E}
		{B21186C7-9AF5-4AA7-9EB4-7AA15B847BCE} = {BDBF2AF3-D93A-4F7C-9912-BABBF2322D6E}
		{1F4E9543-08BD-47D3-A958-74F4DCBE0A11} = {BDBF2AF3-D93A-4F7C-9912-BABBF2322D6E}
		{20CE72F5-008A-4DB0-8D9E-6046F2867DD8} = {BDBF2AF3-D93A-4F7C-9912-BABBF2322D6E}
		{A614B3FE-532D-472D-BE2A-6A1C7DAC9D39} = {BDBF2AF3-D93A-4F7C-9912-BABBF2322D6E}
		{417C26A5-C306-40D0-896B-C72AC5005965} = {BDBF2AF3-D93A-4F7C-9912-BABBF2322D6E}
		{7CDAA724-CC87-4774-9F5E-6726DAEA4713} = {417C26A5-C306-40D0-896B-C72AC5005965}
		{C0BE39B4-9F9F-4B0F-8E56-235FDE999EF7} = {417C26A5-C306-40D0-896B-C72AC5005965}
		{4BDD4A47-C60E-4950-B171-224D947A984C} = {BDBF2AF3-D93A-4F7C-9912-BABBF2322D6E}
		{00FE2826-BEF4-4300-8ABA-EFBE19B7D8AC} = {BDBF2AF3-D93A-4F7C-9912-BABBF2322D6E}
		{1A8056DC-FE57-40F2-84C0-B859932344E5} = {BDBF2AF3-D93A-4F7C-9912-BABBF2322D6E}
		{46E48BCB-C105-4049-A64B-DFC1621B5A2D} = {BDBF2AF3-D93A-4F7C-9912-BABBF2322D6E}
		{1FB51416-F915-4DBB-9AC2-120333C73FF8} = {46E48BCB-C105-4049-A64B-DFC1621B5A2D}
		{A4D1F1CE-73E9-4F5F-B399-E69D7BF998AA} = {46E48BCB-C105-4049-A64B-DFC1621B5A2D}
		{794CFB9C-8BAC-48B8-ABE6-B1003EAE0766} = {46E48BCB-C105-4049-A64B-DFC1621B5A2D}
		{922FB332-5A93-40A7-A500-180A7EA91731} = {BDBF2AF3-D93A-4F7C-9912-BABBF2322D6E}
		{566B4EC0-CC28-4638-B3B8-A1E3EE5AA541} = {BDBF2AF3-D93A-4F7C-9912-BABBF2322D6E}
		{717A3C0B-8E34-4E31-BDD1-C11539DF0E40} = {566B4EC0-CC28-4638-B3B8-A1E3EE5AA541}
		{A9B93675-59F5-4672-BE32-118F61E6347C} = {566B4EC0-CC28-4638-B3B8-A1E3EE5AA541}
		{A9393A44-7774-4818-BAA8-A27E32EBF452} = {BDBF2AF3-D93A-4F7C-9912-BABBF2322D6E}
		{F4729D56-08DC-4B5B-9DB5-3E9B9904A4D4} = {A9393A44-7774-4818-BAA8-A27E32EBF452}
		{8272A5BD-E3F4-4E31-B5CA-28FC08BFA9A7} = {A9393A44-7774-4818-BAA8-A27E32EBF452}
		{D95987D7-C3BD-4B8C-BBF6-23F75CBD3E6E} = {BDBF2AF3-D93A-4F7C-9912-BABBF2322D6E}
		{F1A52870-A4A7-4F6C-9DE1-CF4A76CED745} = {D95987D7-C3BD-4B8C-BBF6-23F75CBD3E6E}
		{2FFFBD62-09A9-4102-9D29-D1496D89FCF5} = {D95987D7-C3BD-4B8C-BBF6-23F75CBD3E6E}
		{5641770D-6D49-435A-85FD-3333EF0A776A} = {BDBF2AF3-D93A-4F7C-9912-BABBF2322D6E}
		{519CA48D-4634-4896-A613-6A39BB85BA6F} = {5641770D-6D49-435A-85FD-3333EF0A776A}
		{25C516F5-2F19-452F-A323-7BB2D86B0AB3} = {5641770D-6D49-435A-85FD-3333EF0A776A}
		{91E80AF2-D853-46B1-A2F6-C828320C45A9} = {90D116C1-1544-4D1D-A0EB-32948A2D6156}
		{AA5AF252-5B20-4921-A8CE-945D6235DC7A} = {1848F234-E664-4C64-9584-01AD87E31F7D}
		{2CD44141-D643-4AC6-9EEB-BAFA2733AE1A} = {49627D66-ECBB-4CE7-8B42-DABAB942E133}
		{7E3F55DA-171A-4475-928B-D462C5C707B4} = {29801828-B625-4122-9AA5-02A973C85023}
		{1310A7AC-D7FD-44C2-BD1A-63AA84874A98} = {FB4093DA-A1F8-4AC0-A723-54120E8F36C7}
		{8DD510A9-76A4-460D-B222-305FD4765D24} = {43F007E0-C585-434D-8589-E6F0540C5275}
		{E4290C67-247F-456C-AB35-EDEEB249EBEB} = {B5DC7C7E-6BB3-4DA0-AD95-612F85B9DF31}
		{7868A0DD-1A10-4D46-BE25-09EA1C6D8451} = {C2461F83-4521-4C04-89D7-D57CBE0CF561}
		{F1897DEF-2409-4C60-96A6-11215E420B65} = {1CEF44C8-D512-4E6A-92A0-EE62479CFD3E}
		{77E4C55D-6D03-48A5-9FB3-77C0F9A1F4CC} = {B21186C7-9AF5-4AA7-9EB4-7AA15B847BCE}
		{CEAC9076-EBF2-44B6-AE35-C093A36881F8} = {00FE2826-BEF4-4300-8ABA-EFBE19B7D8AC}
		{74EFBAB1-6379-4700-8DB8-CAB6E87DAF2A} = {1F4E9543-08BD-47D3-A958-74F4DCBE0A11}
		{17113184-2CFD-473D-8A0C-E10E1B694EA7} = {20CE72F5-008A-4DB0-8D9E-6046F2867DD8}
		{1FD61BD0-F573-45D5-A0E1-3B91D184F8ED} = {A614B3FE-532D-472D-BE2A-6A1C7DAC9D39}
		{DAB9EAFE-5298-40AC-861E-93860263F382} = {5129C71C-6B93-49C3-9C33-58601F250523}
		{851D765B-960D-43E1-A3BA-21A3F8C87F76} = {7B304BAF-C396-4AE3-8BF6-F947F136D908}
		{0D38EA18-93DE-480F-BE37-3142CE05D90B} = {CCF97E8B-7309-4C30-B826-5FD1F8C30786}
		{2436355D-6476-472A-86F9-C6939A9F59F1} = {4BDD4A47-C60E-4950-B171-224D947A984C}
		{E29CFA86-E31D-4694-9CC0-7337502C7746} = {2F77A940-A236-4FCB-950C-03600F1F4EDC}
		{96BD57E2-F26F-484E-A872-254D57692414} = {CDF9333F-8040-4D48-AE67-DA48CE0B4AA0}
		{00EA2796-F332-451E-82B9-763487485C2C} = {922FB332-5A93-40A7-A500-180A7EA91731}
		{FFCA0A66-B9D6-4060-866C-DA6215E03040} = {1A8056DC-FE57-40F2-84C0-B859932344E5}
		{62830AC1-398E-45F6-8C77-B6346019A65D} = {5F18CAAD-AD81-4B0E-93A4-38E935A3AA35}
		{6154A4AA-F695-4ACB-9C52-4C4EBDA50B45} = {39C119B9-F99E-4445-9DDD-A3B3AE9AB389}
		{FE79230F-4D58-4B0C-8076-D17CFBBF8259} = {DA8F1FAA-8700-42EE-A5B5-7F7A21C45039}
		{2DA3DF25-649D-4CCA-B66E-8E6AC29889E9} = {566B4EC0-CC28-4638-B3B8-A1E3EE5AA541}
		{250D688B-BE3E-4A95-B2DD-E3CB78D92ACF} = {A9393A44-7774-4818-BAA8-A27E32EBF452}
		{A1186DFD-562D-4E9F-92E0-D8D7533B1ECD} = {5641770D-6D49-435A-85FD-3333EF0A776A}
		{5FE5D23A-0029-42A2-8C4F-68CB9590C6C9} = {D95987D7-C3BD-4B8C-BBF6-23F75CBD3E6E}
		{AA72E426-627B-497C-8219-F344577D4DE0} = {417C26A5-C306-40D0-896B-C72AC5005965}
		{8E11E61B-F8DB-44A1-B30E-140A46B9D6D4} = {32C0B6FE-4187-44E4-8F10-453FB1BB6287}
		{B74875B2-2AE0-4665-BC80-33EDC955C381} = {46E48BCB-C105-4049-A64B-DFC1621B5A2D}
	EndGlobalSection
EndGlobal
